github.com/caarlos0/env/v11 v11.3.1 h1:cArPWC15hWmEt+gWk7YBi7lEXTXCvpaSdCiZE2X5mCA=
github.com/caarlos0/env/v11 v11.3.1/go.mod h1:qupehSf/Y0TUTsxKywqRt/vJjN5nz6vauiYEUUr8P4U=
github.com/harrydayexe/GoWebUtilities v1.3.0 h1:XosVCbqjc1wjGl9gsB5g3HopHDpCQv+Y5+PViQ0d1Tg=
github.com/harrydayexe/GoWebUtilities v1.3.0/go.mod h1:msGwhqkUbSAhhIR+uFnLE08OhBCwuJW0BQ5kUnBvI6I=
